{
  "name": "lambda_api_node",
  "version": "1.0.0",
  "lockfileVersion": 1,
  "requires": true,
  "dependencies": {
    "lambda-api": {
      "version": "0.8.0",
      "resolved": "https://registry.npmjs.org/lambda-api/-/lambda-api-0.8.0.tgz",
      "integrity": "sha512-KHzav6WNhVNJe5e1mlAM4iEeDs4HrK45DaAVi4OqDgxvHHzdX3UPr36QxnxWDjyqYpwBY2enef06yFRe/dZqYQ=="
    }
  }
}
